// !$*UTF8*$!
{
	archiveVersion = 1;
	classes = {
	};
	objectVersion = 50;
	objects = {

/* Begin PBXBuildFile section */
		3046A82D22B4F3CB0099DB2E /* AppDelegate.swift in Sources */ = {isa = PBXBuildFile; fileRef = 3046A82C22B4F3CB0099DB2E /* AppDelegate.swift */; };
		3046A82F22B4F3CB0099DB2E /* ViewController.swift in Sources */ = {isa = PBXBuildFile; fileRef = 3046A82E22B4F3CB0099DB2E /* ViewController.swift */; };
		3046A83222B4F3CB0099DB2E /* Main.storyboard in Resources */ = {isa = PBXBuildFile; fileRef = 3046A83022B4F3CB0099DB2E /* Main.storyboard */; };
		3046A83522B4F3CB0099DB2E /* MiraclePill.xcdatamodeld in Sources */ = {isa = PBXBuildFile; fileRef = 3046A83322B4F3CB0099DB2E /* MiraclePill.xcdatamodeld */; };
		3046A83722B4F3CF0099DB2E /* Assets.xcassets in Resources */ = {isa = PBXBuildFile; fileRef = 3046A83622B4F3CF0099DB2E /* Assets.xcassets */; };
		3046A83A22B4F3CF0099DB2E /* LaunchScreen.storyboard in Resources */ = {isa = PBXBuildFile; fileRef = 3046A83822B4F3CF0099DB2E /* LaunchScreen.storyboard */; };
		3046A84522B4F3CF0099DB2E /* MiraclePillTests.swift in Sources */ = {isa = PBXBuildFile; fileRef = 3046A84422B4F3CF0099DB2E /* MiraclePillTests.swift */; };
		3046A85022B4F3CF0099DB2E /* MiraclePillUITests.swift in Sources */ = {isa = PBXBuildFile; fileRef = 3046A84F22B4F3CF0099DB2E /* MiraclePillUITests.swift */; };
/* End PBXBuildFile section */

/* Begin PBXContainerItemProxy section */
		3046A84122B4F3CF0099DB2E /* PBXContainerItemProxy */ = {
			isa = PBXContainerItemProxy;
			containerPortal = 3046A82122B4F3CB0099DB2E /* Project object */;
			proxyType = 1;
			remoteGlobalIDString = 3046A82822B4F3CB0099DB2E;
			remoteInfo = MiraclePill;
		};
		3046A84C22B4F3CF0099DB2E /* PBXContainerItemProxy */ = {
			isa = PBXContainerItemProxy;
			containerPortal = 3046A82122B4F3CB0099DB2E /* Project object */;
			proxyType = 1;
			remoteGlobalIDString = 3046A82822B4F3CB0099DB2E;
			remoteInfo = MiraclePill;
		};
/* End PBXContainerItemProxy section */

/* Begin PBXFileReference section */
		3046A82922B4F3CB0099DB2E /* MiraclePill.app */ = {isa = PBXFileReference; explicitFileType = wrapper.application; includeInIndex = 0; path = MiraclePill.app; sourceTree = BUILT_PRODUCTS_DIR; };
		3046A82C22B4F3CB0099DB2E /* AppDelegate.swift */ = {isa = PBXFileReference; lastKnownFileType = sourcecode.swift; path = AppDelegate.swift; sourceTree = "<group>"; };
		3046A82E22B4F3CB0099DB2E /* ViewController.swift */ = {isa = PBXFileReference; lastKnownFileType = sourcecode.swift; path = ViewController.swift; sourceTree = "<group>"; };
		3046A83122B4F3CB0099DB2E /* Base */ = {isa = PBXFileReference; lastKnownFileType = file.storyboard; name = Base; path = Base.lproj/Main.storyboard; sourceTree = "<group>"; };
		3046A83422B4F3CB0099DB2E /* MiraclePill.xcdatamodel */ = {isa = PBXFileReference; lastKnownFileType = wrapper.xcdatamodel; path = MiraclePill.xcdatamodel; sourceTree = "<group>"; };
		3046A83622B4F3CF0099DB2E /* Assets.xcassets */ = {isa = PBXFileReference; lastKnownFileType = folder.assetcatalog; path = Assets.xcassets; sourceTree = "<group>"; };
		3046A83922B4F3CF0099DB2E /* Base */ = {isa = PBXFileReference; lastKnownFileType = file.storyboard; name = Base; path = Base.lproj/LaunchScreen.storyboard; sourceTree = "<group>"; };
		3046A83B22B4F3CF0099DB2E /* Info.plist */ = {isa = PBXFileReference; lastKnownFileType = text.plist.xml; path = Info.plist; sourceTree = "<group>"; };
		3046A84022B4F3CF0099DB2E /* MiraclePillTests.xctest */ = {isa = PBXFileReference; explicitFileType = wrapper.cfbundle; includeInIndex = 0; path = MiraclePillTests.xctest; sourceTree = BUILT_PRODUCTS_DIR; };
		3046A84422B4F3CF0099DB2E /* MiraclePillTests.swift */ = {isa = PBXFileReference; lastKnownFileType = sourcecode.swift; path = MiraclePillTests.swift; sourceTree = "<group>"; };
		3046A84622B4F3CF0099DB2E /* Info.plist */ = {isa = PBXFileReference; lastKnownFileType = text.plist.xml; path = Info.plist; sourceTree = "<group>"; };
		3046A84B22B4F3CF0099DB2E /* MiraclePillUITests.xctest */ = {isa = PBXFileReference; explicitFileType = wrapper.cfbundle; includeInIndex = 0; path = MiraclePillUITests.xctest; sourceTree = BUILT_PRODUCTS_DIR; };
		3046A84F22B4F3CF0099DB2E /* MiraclePillUITests.swift */ = {isa = PBXFileReference; lastKnownFileType = sourcecode.swift; path = MiraclePillUITests.swift; sourceTree = "<group>"; };
		3046A85122B4F3CF0099DB2E /* Info.plist */ = {isa = PBXFileReference; lastKnownFileType = text.plist.xml; path = Info.plist; sourceTree = "<group>"; };
/* End PBXFileReference section */

/* Begin PBXFrameworksBuildPhase section */
		3046A82622B4F3CB0099DB2E /* Frameworks */ = {
			isa = PBXFrameworksBuildPhase;
			buildActionMask = 2147483647;
			files = (
			);
			runOnlyForDeploymentPostprocessing = 0;
		};
		3046A83D22B4F3CF0099DB2E /* Frameworks */ = {
			isa = PBXFrameworksBuildPhase;
			buildActionMask = 2147483647;
			files = (
			);
			runOnlyForDeploymentPostprocessing = 0;
		};
		3046A84822B4F3CF0099DB2E /* Frameworks */ = {
			isa = PBXFrameworksBuildPhase;
			buildActionMask = 2147483647;
			files = (
			);
			runOnlyForDeploymentPostprocessing = 0;
		};
/* End PBXFrameworksBuildPhase section */

/* Begin PBXGroup section */
		3046A82022B4F3CB0099DB2E = {
			isa = PBXGroup;
			children = (
				3046A82B22B4F3CB0099DB2E /* MiraclePill */,
				3046A84322B4F3CF0099DB2E /* MiraclePillTests */,
				3046A84E22B4F3CF0099DB2E /* MiraclePillUITests */,
				3046A82A22B4F3CB0099DB2E /* Products */,
			);
			sourceTree = "<group>";
		};
		3046A82A22B4F3CB0099DB2E /* Products */ = {
			isa = PBXGroup;
			children = (
				3046A82922B4F3CB0099DB2E /* MiraclePill.app */,
				3046A84022B4F3CF0099DB2E /* MiraclePillTests.xctest */,
				3046A84B22B4F3CF0099DB2E /* MiraclePillUITests.xctest */,
			);
			name = Products;
			sourceTree = "<group>";
		};
		3046A82B22B4F3CB0099DB2E /* MiraclePill */ = {
			isa = PBXGroup;
			children = (
				3046A82C22B4F3CB0099DB2E /* AppDelegate.swift */,
				3046A82E22B4F3CB0099DB2E /* ViewController.swift */,
				3046A83022B4F3CB0099DB2E /* Main.storyboard */,
				3046A83622B4F3CF0099DB2E /* Assets.xcassets */,
				3046A83822B4F3CF0099DB2E /* LaunchScreen.storyboard */,
				3046A83B22B4F3CF0099DB2E /* Info.plist */,
				3046A83322B4F3CB0099DB2E /* MiraclePill.xcdatamodeld */,
			);
			path = MiraclePill;
			sourceTree = "<group>";
		};
		3046A84322B4F3CF0099DB2E /* MiraclePillTests */ = {
			isa = PBXGroup;
			children = (
				3046A84422B4F3CF0099DB2E /* MiraclePillTests.swift */,
				3046A84622B4F3CF0099DB2E /* Info.plist */,
			);
			path = MiraclePillTests;
			sourceTree = "<group>";
		};
		3046A84E22B4F3CF0099DB2E /* MiraclePillUITests */ = {
			isa = PBXGroup;
			children = (
				3046A84F22B4F3CF0099DB2E /* MiraclePillUITests.swift */,
				3046A85122B4F3CF0099DB2E /* Info.plist */,
			);
			path = MiraclePillUITests;
			sourceTree = "<group>";
		};
/* End PBXGroup section */

/* Begin PBXNativeTarget section */
		3046A82822B4F3CB0099DB2E /* MiraclePill */ = {
			isa = PBXNativeTarget;
			buildConfigurationList = 3046A85422B4F3CF0099DB2E /* Build configuration list for PBXNativeTarget "MiraclePill" */;
			buildPhases = (
				3046A82522B4F3CB0099DB2E /* Sources */,
				3046A82622B4F3CB0099DB2E /* Frameworks */,
				3046A82722B4F3CB0099DB2E /* Resources */,
			);
			buildRules = (
			);
			dependencies = (
			);
			name = MiraclePill;
			productName = MiraclePill;
			productReference = 3046A82922B4F3CB0099DB2E /* MiraclePill.app */;
			productType = "com.apple.product-type.application";
		};
		3046A83F22B4F3CF0099DB2E /* MiraclePillTests */ = {
			isa = PBXNativeTarget;
			buildConfigurationList = 3046A85722B4F3CF0099DB2E /* Build configuration list for PBXNativeTarget "MiraclePillTests" */;
			buildPhases = (
				3046A83C22B4F3CF0099DB2E /* Sources */,
				3046A83D22B4F3CF0099DB2E /* Frameworks */,
				3046A83E22B4F3CF0099DB2E /* Resources */,
			);
			buildRules = (
			);
			dependencies = (
				3046A84222B4F3CF0099DB2E /* PBXTargetDependency */,
			);
			name = MiraclePillTests;
			productName = MiraclePillTests;
			productReference = 3046A84022B4F3CF0099DB2E /* MiraclePillTests.xctest */;
			productType = "com.apple.product-type.bundle.unit-test";
		};
		3046A84A22B4F3CF0099DB2E /* MiraclePillUITests */ = {
			isa = PBXNativeTarget;
			buildConfigurationList = 3046A85A22B4F3CF0099DB2E /* Build configuration list for PBXNativeTarget "MiraclePillUITests" */;
			buildPhases = (
				3046A84722B4F3CF0099DB2E /* Sources */,
				3046A84822B4F3CF0099DB2E /* Frameworks */,
				3046A84922B4F3CF0099DB2E /* Resources */,
			);
			buildRules = (
			);
			dependencies = (
				3046A84D22B4F3CF0099DB2E /* PBXTargetDependency */,
			);
			name = MiraclePillUITests;
			productName = MiraclePillUITests;
			productReference = 3046A84B22B4F3CF0099DB2E /* MiraclePillUITests.xctest */;
			productType = "com.apple.product-type.bundle.ui-testing";
		};
/* End PBXNativeTarget section */

/* Begin PBXProject section */
		3046A82122B4F3CB0099DB2E /* Project object */ = {
			isa = PBXProject;
			attributes = {
				LastSwiftUpdateCheck = 1010;
				LastUpgradeCheck = 1010;
				ORGANIZATIONNAME = "Franz Ibañez";
				TargetAttributes = {
					3046A82822B4F3CB0099DB2E = {
						CreatedOnToolsVersion = 10.1;
					};
					3046A83F22B4F3CF0099DB2E = {
						CreatedOnToolsVersion = 10.1;
						TestTargetID = 3046A82822B4F3CB0099DB2E;
					};
					3046A84A22B4F3CF0099DB2E = {
						CreatedOnToolsVersion = 10.1;
						TestTargetID = 3046A82822B4F3CB0099DB2E;
					};
				};
			};
			buildConfigurationList = 3046A82422B4F3CB0099DB2E /* Build configuration list for PBXProject "MiraclePill" */;
			compatibilityVersion = "Xcode 9.3";
			developmentRegion = en;
			hasScannedForEncodings = 0;
			knownRegions = (
				en,
				Base,
			);
			mainGroup = 3046A82022B4F3CB0099DB2E;
			productRefGroup = 3046A82A22B4F3CB0099DB2E /* Products */;
			projectDirPath = "";
			projectRoot = "";
			targets = (
				3046A82822B4F3CB0099DB2E /* MiraclePill */,
				3046A83F22B4F3CF0099DB2E /* MiraclePillTests */,
				3046A84A22B4F3CF0099DB2E /* MiraclePillUITests */,
			);
		};
/* End PBXProject section */

/* Begin PBXResourcesBuildPhase section */
		3046A82722B4F3CB0099DB2E /* Resources */ = {
			isa = PBXResourcesBuildPhase;
			buildActionMask = 2147483647;
			files = (
				3046A83A22B4F3CF0099DB2E /* LaunchScreen.storyboard in Resources */,
				3046A83722B4F3CF0099DB2E /* Assets.xcassets in Resources */,
				3046A83222B4F3CB0099DB2E /* Main.storyboard in Resources */,
			);
			runOnlyForDeploymentPostprocessing = 0;
		};
		3046A83E22B4F3CF0099DB2E /* Resources */ = {
			isa = PBXResourcesBuildPhase;
			buildActionMask = 2147483647;
			files = (
			);
			runOnlyForDeploymentPostprocessing = 0;
		};
		3046A84922B4F3CF0099DB2E /* Resources */ = {
			isa = PBXResourcesBuildPhase;
			buildActionMask = 2147483647;
			files = (
			);
			runOnlyForDeploymentPostprocessing = 0;
		};
/* End PBXResourcesBuildPhase section */

/* Begin PBXSourcesBuildPhase section */
		3046A82522B4F3CB0099DB2E /* Sources */ = {
			isa = PBXSourcesBuildPhase;
			buildActionMask = 2147483647;
			files = (
				3046A83522B4F3CB0099DB2E /* MiraclePill.xcdatamodeld in Sources */,
				3046A82F22B4F3CB0099DB2E /* ViewController.swift in Sources */,
				3046A82D22B4F3CB0099DB2E /* AppDelegate.swift in Sources */,
			);
			runOnlyForDeploymentPostprocessing = 0;
		};
		3046A83C22B4F3CF0099DB2E /* Sources */ = {
			isa = PBXSourcesBuildPhase;
			buildActionMask = 2147483647;
			files = (
				3046A84522B4F3CF0099DB2E /* MiraclePillTests.swift in Sources */,
			);
			runOnlyForDeploymentPostprocessing = 0;
		};
		3046A84722B4F3CF0099DB2E /* Sources */ = {
			isa = PBXSourcesBuildPhase;
			buildActionMask = 2147483647;
			files = (
				3046A85022B4F3CF0099DB2E /* MiraclePillUITests.swift in Sources */,
			);
			runOnlyForDeploymentPostprocessing = 0;
		};
/* End PBXSourcesBuildPhase section */

/* Begin PBXTargetDependency section */
		3046A84222B4F3CF0099DB2E /* PBXTargetDependency */ = {
			isa = PBXTargetDependency;
			target = 3046A82822B4F3CB0099DB2E /* MiraclePill */;
			targetProxy = 3046A84122B4F3CF0099DB2E /* PBXContainerItemProxy */;
		};
		3046A84D22B4F3CF0099DB2E /* PBXTargetDependency */ = {
			isa = PBXTargetDependency;
			target = 3046A82822B4F3CB0099DB2E /* MiraclePill */;
			targetProxy = 3046A84C22B4F3CF0099DB2E /* PBXContainerItemProxy */;
		};
/* End PBXTargetDependency section */

/* Begin PBXVariantGroup section */
		3046A83022B4F3CB0099DB2E /* Main.storyboard */ = {
			isa = PBXVariantGroup;
			children = (
				3046A83122B4F3CB0099DB2E /* Base */,
			);
			name = Main.storyboard;
			sourceTree = "<group>";
		};
		3046A83822B4F3CF0099DB2E /* LaunchScreen.storyboard */ = {
			isa = PBXVariantGroup;
			children = (
				3046A83922B4F3CF0099DB2E /* Base */,
			);
			name = LaunchScreen.storyboard;
			sourceTree = "<group>";
		};
/* End PBXVariantGroup section */

/* Begin XCBuildConfiguration section */
		3046A85222B4F3CF0099DB2E /* Debug */ = {
			isa = XCBuildConfiguration;
			buildSettings = {
				ALWAYS_SEARCH_USER_PATHS = NO;
				CLANG_ANALYZER_NONNULL = YES;
				CLANG_ANALYZER_NUMBER_OBJECT_CONVERSION = YES_AGGRESSIVE;
				CLANG_CXX_LANGUAGE_STANDARD = "gnu++14";
				CLANG_CXX_LIBRARY = "libc++";
				CLANG_ENABLE_MODULES = YES;
				CLANG_ENABLE_OBJC_ARC = YES;
				CLANG_ENABLE_OBJC_WEAK = YES;
				CLANG_WARN_BLOCK_CAPTURE_AUTORELEASING = YES;
				CLANG_WARN_BOOL_CONVERSION = YES;
				CLANG_WARN_COMMA = YES;
				CLANG_WARN_CONSTANT_CONVERSION = YES;
				CLANG_WARN_DEPRECATED_OBJC_IMPLEMENTATIONS = YES;
				CLANG_WARN_DIRECT_OBJC_ISA_USAGE = YES_ERROR;
				CLANG_WARN_DOCUMENTATION_COMMENTS = YES;
				CLANG_WARN_EMPTY_BODY = YES;
				CLANG_WARN_ENUM_CONVERSION = YES;
				CLANG_WARN_INFINITE_RECURSION = YES;
				CLANG_WARN_INT_CONVERSION = YES;
				CLANG_WARN_NON_LITERAL_NULL_CONVERSION = YES;
				CLANG_WARN_OBJC_IMPLICIT_RETAIN_SELF = YES;
				CLANG_WARN_OBJC_LITERAL_CONVERSION = YES;
				CLANG_WARN_OBJC_ROOT_CLASS = YES_ERROR;
				CLANG_WARN_RANGE_LOOP_ANALYSIS = YES;
				CLANG_WARN_STRICT_PROTOTYPES = YES;
				CLANG_WARN_SUSPICIOUS_MOVE = YES;
				CLANG_WARN_UNGUARDED_AVAILABILITY = YES_AGGRESSIVE;
				CLANG_WARN_UNREACHABLE_CODE = YES;
				CLANG_WARN__DUPLICATE_METHOD_MATCH = YES;
				CODE_SIGN_IDENTITY = "iPhone Developer";
				COPY_PHASE_STRIP = NO;
				DEBUG_INFORMATION_FORMAT = dwarf;
				ENABLE_STRICT_OBJC_MSGSEND = YES;
				ENABLE_TESTABILITY = YES;
				GCC_C_LANGUAGE_STANDARD = gnu11;
				GCC_DYNAMIC_NO_PIC = NO;
				GCC_NO_COMMON_BLOCKS = YES;
				GCC_OPTIMIZATION_LEVEL = 0;
				GCC_PREPROCESSOR_DEFINITIONS = (
					"DEBUG=1",
					"$(inherited)",
				);
				GCC_WARN_64_TO_32_BIT_CONVERSION = YES;
				GCC_WARN_ABOUT_RETURN_TYPE = YES_ERROR;
				GCC_WARN_UNDECLARED_SELECTOR = YES;
				GCC_WARN_UNINITIALIZED_AUTOS = YES_AGGRESSIVE;
				GCC_WARN_UNUSED_FUNCTION = YES;
				GCC_WARN_UNUSED_VARIABLE = YES;
				IPHONEOS_DEPLOYMENT_TARGET = 12.1;
				MTL_ENABLE_DEBUG_INFO = INCLUDE_SOURCE;
				MTL_FAST_MATH = YES;
				ONLY_ACTIVE_ARCH = YES;
				SDKROOT = iphoneos;
				SWIFT_ACTIVE_COMPILATION_CONDITIONS = DEBUG;
				SWIFT_OPTIMIZATION_LEVEL = "-Onone";
			};
			name = Debug;
		};
		3046A85322B4F3CF0099DB2E /* Release */ = {
			isa = XCBuildConfiguration;
			buildSettings = {
				ALWAYS_SEARCH_USER_PATHS = NO;
				CLANG_ANALYZER_NONNULL = YES;
				CLANG_ANALYZER_NUMBER_OBJECT_CONVERSION = YES_AGGRESSIVE;
				CLANG_CXX_LANGUAGE_STANDARD = "gnu++14";
				CLANG_CXX_LIBRARY = "libc++";
				CLANG_ENABLE_MODULES = YES;
				CLANG_ENABLE_OBJC_ARC = YES;
				CLANG_ENABLE_OBJC_WEAK = YES;
				CLANG_WARN_BLOCK_CAPTURE_AUTORELEASING = YES;
				CLANG_WARN_BOOL_CONVERSION = YES;
				CLANG_WARN_COMMA = YES;
				CLANG_WARN_CONSTANT_CONVERSION = YES;
				CLANG_WARN_DEPRECATED_OBJC_IMPLEMENTATIONS = YES;
				CLANG_WARN_DIRECT_OBJC_ISA_USAGE = YES_ERROR;
				CLANG_WARN_DOCUMENTATION_COMMENTS = YES;
				CLANG_WARN_EMPTY_BODY = YES;
				CLANG_WARN_ENUM_CONVERSION = YES;
				CLANG_WARN_INFINITE_RECURSION = YES;
				CLANG_WARN_INT_CONVERSION = YES;
				CLANG_WARN_NON_LITERAL_NULL_CONVERSION = YES;
				CLANG_WARN_OBJC_IMPLICIT_RETAIN_SELF = YES;
				CLANG_WARN_OBJC_LITERAL_CONVERSION = YES;
				CLANG_WARN_OBJC_ROOT_CLASS = YES_ERROR;
				CLANG_WARN_RANGE_LOOP_ANALYSIS = YES;
				CLANG_WARN_STRICT_PROTOTYPES = YES;
				CLANG_WARN_SUSPICIOUS_MOVE = YES;
				CLANG_WARN_UNGUARDED_AVAILABILITY = YES_AGGRESSIVE;
				CLANG_WARN_UNREACHABLE_CODE = YES;
				CLANG_WARN__DUPLICATE_METHOD_MATCH = YES;
				CODE_SIGN_IDENTITY = "iPhone Developer";
				COPY_PHASE_STRIP = NO;
				DEBUG_INFORMATION_FORMAT = "dwarf-with-dsym";
				ENABLE_NS_ASSERTIONS = NO;
				ENABLE_STRICT_OBJC_MSGSEND = YES;
				GCC_C_LANGUAGE_STANDARD = gnu11;
				GCC_NO_COMMON_BLOCKS = YES;
				GCC_WARN_64_TO_32_BIT_CONVERSION = YES;
				GCC_WARN_ABOUT_RETURN_TYPE = YES_ERROR;
				GCC_WARN_UNDECLARED_SELECTOR = YES;
				GCC_WARN_UNINITIALIZED_AUTOS = YES_AGGRESSIVE;
				GCC_WARN_UNUSED_FUNCTION = YES;
				GCC_WARN_UNUSED_VARIABLE = YES;
				IPHONEOS_DEPLOYMENT_TARGET = 12.1;
				MTL_ENABLE_DEBUG_INFO = NO;
				MTL_FAST_MATH = YES;
				SDKROOT = iphoneos;
				SWIFT_COMPILATION_MODE = wholemodule;
				SWIFT_OPTIMIZATION_LEVEL = "-O";
				VALIDATE_PRODUCT = YES;
			};
			name = Release;
		};
		3046A85522B4F3CF0099DB2E /* Debug */ = {
			isa = XCBuildConfiguration;
			buildSettings = {
				ASSETCATALOG_COMPILER_APPICON_NAME = AppIcon;
				CODE_SIGN_STYLE = Automatic;
				DEVELOPMENT_TEAM = AT7CKAV4AW;
				INFOPLIST_FILE = MiraclePill/Info.plist;
				LD_RUNPATH_SEARCH_PATHS = (
					"$(inherited)",
					"@executable_path/Frameworks",
				);
				PRODUCT_BUNDLE_IDENTIFIER = com.franz.dev.MiraclePill;
				PRODUCT_NAME = "$(TARGET_NAME)";
				SWIFT_VERSION = 4.2;
				TARGETED_DEVICE_FAMILY = "1,2";
			};
			name = Debug;
		};
		3046A85622B4F3CF0099DB2E /* Release */ = {
			isa = XCBuildConfiguration;
			buildSettings = {
				ASSETCATALOG_COMPILER_APPICON_NAME = AppIcon;
				CODE_SIGN_STYLE = Automatic;
				DEVELOPMENT_TEAM = AT7CKAV4AW;
				INFOPLIST_FILE = MiraclePill/Info.plist;
				LD_RUNPATH_SEARCH_PATHS = (
					"$(inherited)",
					"@executable_path/Frameworks",
				);
				PRODUCT_BUNDLE_IDENTIFIER = com.franz.dev.MiraclePill;
				PRODUCT_NAME = "$(TARGET_NAME)";
				SWIFT_VERSION = 4.2;
				TARGETED_DEVICE_FAMILY = "1,2";
			};
			name = Release;
		};
		3046A85822B4F3CF0099DB2E /* Debug */ = {
			isa = XCBuildConfiguration;
			buildSettings = {
				ALWAYS_EMBED_SWIFT_STANDARD_LIBRARIES = YES;
				BUNDLE_LOADER = "$(TEST_HOST)";
				CODE_SIGN_STYLE = Automatic;
				DEVELOPMENT_TEAM = AT7CKAV4AW;
				INFOPLIST_FILE = MiraclePillTests/Info.plist;
				LD_RUNPATH_SEARCH_PATHS = (
					"$(inherited)",
					"@executable_path/Frameworks",
					"@loader_path/Frameworks",
				);
				PRODUCT_BUNDLE_IDENTIFIER = com.franz.dev.MiraclePillTests;
				PRODUCT_NAME = "$(TARGET_NAME)";
				SWIFT_VERSION = 4.2;
				TARGETED_DEVICE_FAMILY = "1,2";
				TEST_HOST = "$(BUILT_PRODUCTS_DIR)/MiraclePill.app/MiraclePill";
			};
			name = Debug;
		};
		3046A85922B4F3CF0099DB2E /* Release */ = {
			isa = XCBuildConfiguration;
			buildSettings = {
				ALWAYS_EMBED_SWIFT_STANDARD_LIBRARIES = YES;
				BUNDLE_LOADER = "$(TEST_HOST)";
				CODE_SIGN_STYLE = Automatic;
				DEVELOPMENT_TEAM = AT7CKAV4AW;
				INFOPLIST_FILE = MiraclePillTests/Info.plist;
				LD_RUNPATH_SEARCH_PATHS = (
					"$(inherited)",
					"@executable_path/Frameworks",
					"@loader_path/Frameworks",
				);
				PRODUCT_BUNDLE_IDENTIFIER = com.franz.dev.MiraclePillTests;
				PRODUCT_NAME = "$(TARGET_NAME)";
				SWIFT_VERSION = 4.2;
				TARGETED_DEVICE_FAMILY = "1,2";
				TEST_HOST = "$(BUILT_PRODUCTS_DIR)/MiraclePill.app/MiraclePill";
			};
			name = Release;
		};
		3046A85B22B4F3CF0099DB2E /* Debug */ = {
			isa = XCBuildConfiguration;
			buildSettings = {
				ALWAYS_EMBED_SWIFT_STANDARD_LIBRARIES = YES;
				CODE_SIGN_STYLE = Automatic;
				DEVELOPMENT_TEAM = AT7CKAV4AW;
				INFOPLIST_FILE = MiraclePillUITests/Info.plist;
				LD_RUNPATH_SEARCH_PATHS = (
					"$(inherited)",
					"@executable_path/Frameworks",
					"@loader_path/Frameworks",
				);
				PRODUCT_BUNDLE_IDENTIFIER = com.franz.dev.MiraclePillUITests;
				PRODUCT_NAME = "$(TARGET_NAME)";
				SWIFT_VERSION = 4.2;
				TARGETED_DEVICE_FAMILY = "1,2";
				TEST_TARGET_NAME = MiraclePill;
			};
			name = Debug;
		};
		3046A85C22B4F3CF0099DB2E /* Release */ = {
			isa = XCBuildConfiguration;
			buildSettings = {
				ALWAYS_EMBED_SWIFT_STANDARD_LIBRARIES = YES;
				CODE_SIGN_STYLE = Automatic;
				DEVELOPMENT_TEAM = AT7CKAV4AW;
				INFOPLIST_FILE = MiraclePillUITests/Info.plist;
				LD_RUNPATH_SEARCH_PATHS = (
					"$(inherited)",
					"@executable_path/Frameworks",
					"@loader_path/Frameworks",
				);
				PRODUCT_BUNDLE_IDENTIFIER = com.franz.dev.MiraclePillUITests;
				PRODUCT_NAME = "$(TARGET_NAME)";
				SWIFT_VERSION = 4.2;
				TARGETED_DEVICE_FAMILY = "1,2";
				TEST_TARGET_NAME = MiraclePill;
			};
			name = Release;
		};
/* End XCBuildConfiguration section */

/* Begin XCConfigurationList section */
		3046A82422B4F3CB0099DB2E /* Build configuration list for PBXProject "MiraclePill" */ = {
			isa = XCConfigurationList;
			buildConfigurations = (
				3046A85222B4F3CF0099DB2E /* Debug */,
				3046A85322B4F3CF0099DB2E /* Release */,
			);
			defaultConfigurationIsVisible = 0;
			defaultConfigurationName = Release;
		};
		3046A85422B4F3CF0099DB2E /* Build configuration list for PBXNativeTarget "MiraclePill" */ = {
			isa = XCConfigurationList;
			buildConfigurations = (
				3046A85522B4F3CF0099DB2E /* Debug */,
				3046A85622B4F3CF0099DB2E /* Release */,
			);
			defaultConfigurationIsVisible = 0;
			defaultConfigurationName = Release;
		};
		3046A85722B4F3CF0099DB2E /* Build configuration list for PBXNativeTarget "MiraclePillTests" */ = {
			isa = XCConfigurationList;
			buildConfigurations = (
				3046A85822B4F3CF0099DB2E /* Debug */,
				3046A85922B4F3CF0099DB2E /* Release */,
			);
			defaultConfigurationIsVisible = 0;
			defaultConfigurationName = Release;
		};
		3046A85A22B4F3CF0099DB2E /* Build configuration list for PBXNativeTarget "MiraclePillUITests" */ = {
			isa = XCConfigurationList;
			buildConfigurations = (
				3046A85B22B4F3CF0099DB2E /* Debug */,
				3046A85C22B4F3CF0099DB2E /* Release */,
			);
			defaultConfigurationIsVisible = 0;
			defaultConfigurationName = Release;
		};
/* End XCConfigurationList section */

/* Begin XCVersionGroup section */
		3046A83322B4F3CB0099DB2E /* MiraclePill.xcdatamodeld */ = {
			isa = XCVersionGroup;
			children = (
				3046A83422B4F3CB0099DB2E /* MiraclePill.xcdatamodel */,
			);
			currentVersion = 3046A83422B4F3CB0099DB2E /* MiraclePill.xcdatamodel */;
			path = MiraclePill.xcdatamodeld;
			sourceTree = "<group>";
			versionGroupType = wrapper.xcdatamodel;
		};
/* End XCVersionGroup section */
	};
	rootObject = 3046A82122B4F3CB0099DB2E /* Project object */;
}
